
Microsoft Visual Studio Solution File, Format Version 12.00
# Visual Studio Version 17
VisualStudioVersion = 17.7.33920.267
MinimumVisualStudioVersion = 10.0.40219.1
Project("{9A19103F-16F7-4668-BE54-9A1E7A4F7556}") = "CommentAndReply.EndPoint", "CommentAndReply\CommentAndReply.EndPoint.csproj", "{A569CCDB-AD8D-43DF-AC58-8E2193EDD090}"
EndProject
Project("{2150E333-8FDC-42A3-9474-1A3956D46DE8}") = "Src", "Src", "{8A2B4A2F-F0BC-4AEB-AE2C-3C9F6EE775E1}"
EndProject
Project("{2150E333-8FDC-42A3-9474-1A3956D46DE8}") = "Infra", "Infra", "{3A237AAD-2DDC-4D82-B9BE-C9B41E85786C}"
EndProject
Project("{2150E333-8FDC-42A3-9474-1A3956D46DE8}") = "EndPoint", "EndPoint", "{37E81233-C0C4-4442-B931-F446D97D148F}"
EndProject
Project("{2150E333-8FDC-42A3-9474-1A3956D46DE8}") = "Core", "Core", "{BEC721B9-0348-418D-93DA-28CF84ADA06F}"
EndProject
Project("{FAE04EC0-301F-11D3-BF4B-00C04F79EFBC}") = "CommentAndReply.Core.Application", "Services\CommentAndReply.Core.Application.csproj", "{E1843881-D96E-47C7-8604-B9052107594B}"
EndProject
Project("{FAE04EC0-301F-11D3-BF4B-00C04F79EFBC}") = "CommentAndReply.Core.Domain", "Domain\CommentAndReply.Core.Domain.csproj", "{10D8C9D6-2D24-4C35-B5BF-1DA3B471FA23}"
EndProject
Project("{FAE04EC0-301F-11D3-BF4B-00C04F79EFBC}") = "CommentAndReply.Infra.Database", "Database\CommentAndReply.Infra.Database.csproj", "{5042ACD8-3967-4721-AFA2-0BE8C0664828}"
EndProject
Global
	GlobalSection(SolutionConfigurationPlatforms) = preSolution
		Debug|Any CPU = Debug|Any CPU
		Release|Any CPU = Release|Any CPU
	EndGlobalSection
	GlobalSection(ProjectConfigurationPlatforms) = postSolution
		{A569CCDB-AD8D-43DF-AC58-8E2193EDD090}.Debug|Any CPU.ActiveCfg = Debug|Any CPU
		{A569CCDB-AD8D-43DF-AC58-8E2193EDD090}.Debug|Any CPU.Build.0 = Debug|Any CPU
		{A569CCDB-AD8D-43DF-AC58-8E2193EDD090}.Release|Any CPU.ActiveCfg = Release|Any CPU
		{A569CCDB-AD8D-43DF-AC58-8E2193EDD090}.Release|Any CPU.Build.0 = Release|Any CPU
		{E1843881-D96E-47C7-8604-B9052107594B}.Debug|Any CPU.ActiveCfg = Debug|Any CPU
		{E1843881-D96E-47C7-8604-B9052107594B}.Debug|Any CPU.Build.0 = Debug|Any CPU
		{E1843881-D96E-47C7-8604-B9052107594B}.Release|Any CPU.ActiveCfg = Release|Any CPU
		{E1843881-D96E-47C7-8604-B9052107594B}.Release|Any CPU.Build.0 = Release|Any CPU
		{10D8C9D6-2D24-4C35-B5BF-1DA3B471FA23}.Debug|Any CPU.ActiveCfg = Debug|Any CPU
		{10D8C9D6-2D24-4C35-B5BF-1DA3B471FA23}.Debug|Any CPU.Build.0 = Debug|Any CPU
		{10D8C9D6-2D24-4C35-B5BF-1DA3B471FA23}.Release|Any CPU.ActiveCfg = Release|Any CPU
		{10D8C9D6-2D24-4C35-B5BF-1DA3B471FA23}.Release|Any CPU.Build.0 = Release|Any CPU
		{5042ACD8-3967-4721-AFA2-0BE8C0664828}.Debug|Any CPU.ActiveCfg = Debug|Any CPU
		{5042ACD8-3967-4721-AFA2-0BE8C0664828}.Debug|Any CPU.Build.0 = Debug|Any CPU
		{5042ACD8-3967-4721-AFA2-0BE8C0664828}.Release|Any CPU.ActiveCfg = Release|Any CPU
		{5042ACD8-3967-4721-AFA2-0BE8C0664828}.Release|Any CPU.Build.0 = Release|Any CPU
	EndGlobalSection
	GlobalSection(SolutionProperties) = preSolution
		HideSolutionNode = FALSE
	EndGlobalSection
	GlobalSection(NestedProjects) = preSolution
		{A569CCDB-AD8D-43DF-AC58-8E2193EDD090} = {37E81233-C0C4-4442-B931-F446D97D148F}
		{3A237AAD-2DDC-4D82-B9BE-C9B41E85786C} = {8A2B4A2F-F0BC-4AEB-AE2C-3C9F6EE775E1}
		{37E81233-C0C4-4442-B931-F446D97D148F} = {8A2B4A2F-F0BC-4AEB-AE2C-3C9F6EE775E1}
		{BEC721B9-0348-418D-93DA-28CF84ADA06F} = {8A2B4A2F-F0BC-4AEB-AE2C-3C9F6EE775E1}
		{E1843881-D96E-47C7-8604-B9052107594B} = {BEC721B9-0348-418D-93DA-28CF84ADA06F}
		{10D8C9D6-2D24-4C35-B5BF-1DA3B471FA23} = {BEC721B9-0348-418D-93DA-28CF84ADA06F}
		{5042ACD8-3967-4721-AFA2-0BE8C0664828} = {3A237AAD-2DDC-4D82-B9BE-C9B41E85786C}
	EndGlobalSection
	GlobalSection(ExtensibilityGlobals) = postSolution
		SolutionGuid = {3CF61EA8-4D4E-4B5C-83AC-0B5067D22291}
	EndGlobalSection
EndGlobal
